// !$*UTF8*$!
{
	archiveVersion = 1;
	classes = {
	};
	objectVersion = 52;
	objects = {

/* Begin PBXBuildFile section */
		961E49841E88E6ED001732C7 /* MapKit.framework in Frameworks */ = {isa = PBXBuildFile; fileRef = 961E49831E88E6ED001732C7 /* MapKit.framework */; };
		9693801723132A070099F6C4 /* AppDelegate.swift in Sources */ = {isa = PBXBuildFile; fileRef = 9693801623132A070099F6C4 /* AppDelegate.swift */; };
		9693801923132A070099F6C4 /* SceneDelegate.swift in Sources */ = {isa = PBXBuildFile; fileRef = 9693801823132A070099F6C4 /* SceneDelegate.swift */; };
		9693801B23132A070099F6C4 /* ViewController.swift in Sources */ = {isa = PBXBuildFile; fileRef = 9693801A23132A070099F6C4 /* ViewController.swift */; };
		9693802023132A080099F6C4 /* Assets.xcassets in Resources */ = {isa = PBXBuildFile; fileRef = 9693801F23132A080099F6C4 /* Assets.xcassets */; };
		9693802323132A080099F6C4 /* LaunchScreen.storyboard in Resources */ = {isa = PBXBuildFile; fileRef = 9693802123132A080099F6C4 /* LaunchScreen.storyboard */; };
		969380302313303C0099F6C4 /* MapKit.framework in Frameworks */ = {isa = PBXBuildFile; fileRef = 961E49831E88E6ED001732C7 /* MapKit.framework */; };
		96A82AF91E88E388000AE54C /* main.m in Sources */ = {isa = PBXBuildFile; fileRef = 96A82AF81E88E388000AE54C /* main.m */; };
		96A82AFC1E88E388000AE54C /* AppDelegate.m in Sources */ = {isa = PBXBuildFile; fileRef = 96A82AFB1E88E388000AE54C /* AppDelegate.m */; };
		96A82AFF1E88E388000AE54C /* ViewController.m in Sources */ = {isa = PBXBuildFile; fileRef = 96A82AFE1E88E388000AE54C /* ViewController.m */; };
		96A82B041E88E389000AE54C /* Assets.xcassets in Resources */ = {isa = PBXBuildFile; fileRef = 96A82B031E88E389000AE54C /* Assets.xcassets */; };
		96A82B071E88E389000AE54C /* LaunchScreen.storyboard in Resources */ = {isa = PBXBuildFile; fileRef = 96A82B051E88E389000AE54C /* LaunchScreen.storyboard */; };
		96E02E2023133F8A0037F624 /* TimeZoneCoordinate in Frameworks */ = {isa = PBXBuildFile; productRef = 96E02E1F23133F8A0037F624 /* TimeZoneCoordinate */; };
		96E02E22231433CC0037F624 /* TimeZoneCoordinate in Frameworks */ = {isa = PBXBuildFile; productRef = 96E02E21231433CC0037F624 /* TimeZoneCoordinate */; };
		96E02E252314386D0037F624 /* Main.storyboard in Resources */ = {isa = PBXBuildFile; fileRef = 96E02E232314386D0037F624 /* Main.storyboard */; };
		96E02E29231438ED0037F624 /* Main.storyboard in Resources */ = {isa = PBXBuildFile; fileRef = 96E02E27231438ED0037F624 /* Main.storyboard */; };
/* End PBXBuildFile section */

/* Begin PBXFileReference section */
		961E49831E88E6ED001732C7 /* MapKit.framework */ = {isa = PBXFileReference; lastKnownFileType = wrapper.framework; name = MapKit.framework; path = System/Library/Frameworks/MapKit.framework; sourceTree = SDKROOT; };
		9693800D231327F30099F6C4 /* .. */ = {isa = PBXFileReference; lastKnownFileType = folder; path = ..; sourceTree = "<group>"; };
		9693801423132A070099F6C4 /* TimeZone Coordinate Demo.app */ = {isa = PBXFileReference; explicitFileType = wrapper.application; includeInIndex = 0; path = "TimeZone Coordinate Demo.app"; sourceTree = BUILT_PRODUCTS_DIR; };
		9693801623132A070099F6C4 /* AppDelegate.swift */ = {isa = PBXFileReference; lastKnownFileType = sourcecode.swift; path = AppDelegate.swift; sourceTree = "<group>"; };
		9693801823132A070099F6C4 /* SceneDelegate.swift */ = {isa = PBXFileReference; lastKnownFileType = sourcecode.swift; path = SceneDelegate.swift; sourceTree = "<group>"; };
		9693801A23132A070099F6C4 /* ViewController.swift */ = {isa = PBXFileReference; lastKnownFileType = sourcecode.swift; path = ViewController.swift; sourceTree = "<group>"; };
		9693801F23132A080099F6C4 /* Assets.xcassets */ = {isa = PBXFileReference; lastKnownFileType = folder.assetcatalog; path = Assets.xcassets; sourceTree = "<group>"; };
		9693802223132A080099F6C4 /* Base */ = {isa = PBXFileReference; lastKnownFileType = file.storyboard; name = Base; path = Base.lproj/LaunchScreen.storyboard; sourceTree = "<group>"; };
		9693802423132A080099F6C4 /* Info.plist */ = {isa = PBXFileReference; lastKnownFileType = text.plist.xml; path = Info.plist; sourceTree = "<group>"; };
		96A82AF41E88E388000AE54C /* TZCoordinateDemo.app */ = {isa = PBXFileReference; explicitFileType = wrapper.application; includeInIndex = 0; path = TZCoordinateDemo.app; sourceTree = BUILT_PRODUCTS_DIR; };
		96A82AF81E88E388000AE54C /* main.m */ = {isa = PBXFileReference; lastKnownFileType = sourcecode.c.objc; path = main.m; sourceTree = "<group>"; };
		96A82AFA1E88E388000AE54C /* AppDelegate.h */ = {isa = PBXFileReference; lastKnownFileType = sourcecode.c.h; path = AppDelegate.h; sourceTree = "<group>"; };
		96A82AFB1E88E388000AE54C /* AppDelegate.m */ = {isa = PBXFileReference; lastKnownFileType = sourcecode.c.objc; path = AppDelegate.m; sourceTree = "<group>"; };
		96A82AFD1E88E388000AE54C /* ViewController.h */ = {isa = PBXFileReference; lastKnownFileType = sourcecode.c.h; path = ViewController.h; sourceTree = "<group>"; };
		96A82AFE1E88E388000AE54C /* ViewController.m */ = {isa = PBXFileReference; lastKnownFileType = sourcecode.c.objc; path = ViewController.m; sourceTree = "<group>"; };
		96A82B031E88E389000AE54C /* Assets.xcassets */ = {isa = PBXFileReference; lastKnownFileType = folder.assetcatalog; path = Assets.xcassets; sourceTree = "<group>"; };
		96A82B061E88E389000AE54C /* Base */ = {isa = PBXFileReference; lastKnownFileType = file.storyboard; name = Base; path = Base.lproj/LaunchScreen.storyboard; sourceTree = "<group>"; };
		96A82B081E88E389000AE54C /* Info.plist */ = {isa = PBXFileReference; lastKnownFileType = text.plist.xml; path = Info.plist; sourceTree = "<group>"; };
		96E02E242314386D0037F624 /* Base */ = {isa = PBXFileReference; lastKnownFileType = file.storyboard; name = Base; path = Base.lproj/Main.storyboard; sourceTree = "<group>"; };
		96E02E28231438ED0037F624 /* Base */ = {isa = PBXFileReference; lastKnownFileType = file.storyboard; name = Base; path = Base.lproj/Main.storyboard; sourceTree = "<group>"; };
/* End PBXFileReference section */

/* Begin PBXFrameworksBuildPhase section */
		9693801123132A070099F6C4 /* Frameworks */ = {
			isa = PBXFrameworksBuildPhase;
			buildActionMask = 2147483647;
			files = (
				969380302313303C0099F6C4 /* MapKit.framework in Frameworks */,
				96E02E2023133F8A0037F624 /* TimeZoneCoordinate in Frameworks */,
			);
			runOnlyForDeploymentPostprocessing = 0;
		};
		96A82AF11E88E388000AE54C /* Frameworks */ = {
			isa = PBXFrameworksBuildPhase;
			buildActionMask = 2147483647;
			files = (
				961E49841E88E6ED001732C7 /* MapKit.framework in Frameworks */,
				96E02E22231433CC0037F624 /* TimeZoneCoordinate in Frameworks */,
			);
			runOnlyForDeploymentPostprocessing = 0;
		};
/* End PBXFrameworksBuildPhase section */

/* Begin PBXGroup section */
		961E49821E88E6ED001732C7 /* Frameworks */ = {
			isa = PBXGroup;
			children = (
				961E49831E88E6ED001732C7 /* MapKit.framework */,
			);
			name = Frameworks;
			sourceTree = "<group>";
		};
		9693801523132A070099F6C4 /* Timezone Coordinate Demo */ = {
			isa = PBXGroup;
			children = (
				9693801623132A070099F6C4 /* AppDelegate.swift */,
				9693801823132A070099F6C4 /* SceneDelegate.swift */,
				9693801A23132A070099F6C4 /* ViewController.swift */,
				9693801F23132A080099F6C4 /* Assets.xcassets */,
				96E02E27231438ED0037F624 /* Main.storyboard */,
				9693802123132A080099F6C4 /* LaunchScreen.storyboard */,
				9693802423132A080099F6C4 /* Info.plist */,
			);
			path = "Timezone Coordinate Demo";
			sourceTree = "<group>";
		};
		96A82AEB1E88E388000AE54C = {
			isa = PBXGroup;
			children = (
				9693800D231327F30099F6C4 /* .. */,
				96A82AF61E88E388000AE54C /* Objective-C Demo */,
				9693801523132A070099F6C4 /* Timezone Coordinate Demo */,
				96A82AF51E88E388000AE54C /* Products */,
				961E49821E88E6ED001732C7 /* Frameworks */,
			);
			sourceTree = "<group>";
		};
		96A82AF51E88E388000AE54C /* Products */ = {
			isa = PBXGroup;
			children = (
				96A82AF41E88E388000AE54C /* TZCoordinateDemo.app */,
				9693801423132A070099F6C4 /* TimeZone Coordinate Demo.app */,
			);
			name = Products;
			sourceTree = "<group>";
		};
		96A82AF61E88E388000AE54C /* Objective-C Demo */ = {
			isa = PBXGroup;
			children = (
				96A82AFA1E88E388000AE54C /* AppDelegate.h */,
				96A82AFB1E88E388000AE54C /* AppDelegate.m */,
				96A82AFD1E88E388000AE54C /* ViewController.h */,
				96A82AFE1E88E388000AE54C /* ViewController.m */,
				96A82B031E88E389000AE54C /* Assets.xcassets */,
				96A82B051E88E389000AE54C /* LaunchScreen.storyboard */,
				96E02E232314386D0037F624 /* Main.storyboard */,
				96A82B081E88E389000AE54C /* Info.plist */,
				96A82AF71E88E388000AE54C /* Supporting Files */,
			);
			path = "Objective-C Demo";
			sourceTree = "<group>";
		};
		96A82AF71E88E388000AE54C /* Supporting Files */ = {
			isa = PBXGroup;
			children = (
				96A82AF81E88E388000AE54C /* main.m */,
			);
			name = "Supporting Files";
			sourceTree = "<group>";
		};
/* End PBXGroup section */

/* Begin PBXNativeTarget section */
		9693801323132A070099F6C4 /* Timezone Coordinate Demo */ = {
			isa = PBXNativeTarget;
			buildConfigurationList = 9693802523132A080099F6C4 /* Build configuration list for PBXNativeTarget "Timezone Coordinate Demo" */;
			buildPhases = (
				9693801023132A070099F6C4 /* Sources */,
				9693801123132A070099F6C4 /* Frameworks */,
				9693801223132A070099F6C4 /* Resources */,
			);
			buildRules = (
			);
			dependencies = (
			);
			name = "Timezone Coordinate Demo";
			packageProductDependencies = (
				96E02E1F23133F8A0037F624 /* TimeZoneCoordinate */,
			);
			productName = "Timezone Coordinate Demo";
			productReference = 9693801423132A070099F6C4 /* TimeZone Coordinate Demo.app */;
			productType = "com.apple.product-type.application";
		};
		96A82AF31E88E388000AE54C /* TZCoordinateDemo */ = {
			isa = PBXNativeTarget;
			buildConfigurationList = 96A82B0B1E88E389000AE54C /* Build configuration list for PBXNativeTarget "TZCoordinateDemo" */;
			buildPhases = (
				96A82AF01E88E388000AE54C /* Sources */,
				96A82AF11E88E388000AE54C /* Frameworks */,
				96A82AF21E88E388000AE54C /* Resources */,
			);
			buildRules = (
			);
			dependencies = (
			);
			name = TZCoordinateDemo;
			packageProductDependencies = (
				96E02E21231433CC0037F624 /* TimeZoneCoordinate */,
			);
			productName = TZCoordinateDemo;
			productReference = 96A82AF41E88E388000AE54C /* TZCoordinateDemo.app */;
			productType = "com.apple.product-type.application";
		};
/* End PBXNativeTarget section */

/* Begin PBXProject section */
		96A82AEC1E88E388000AE54C /* Project object */ = {
			isa = PBXProject;
			attributes = {
				LastSwiftUpdateCheck = 1100;
				LastUpgradeCheck = 1100;
				ORGANIZATIONNAME = Mapbox;
				TargetAttributes = {
					9693801323132A070099F6C4 = {
						CreatedOnToolsVersion = 11.0;
					};
					96A82AF31E88E388000AE54C = {
						CreatedOnToolsVersion = 8.2.1;
						ProvisioningStyle = Automatic;
						SystemCapabilities = {
							com.apple.Maps.iOS = {
								enabled = 1;
							};
						};
					};
				};
			};
			buildConfigurationList = 96A82AEF1E88E388000AE54C /* Build configuration list for PBXProject "TZCoordinateDemo" */;
			compatibilityVersion = "Xcode 3.2";
			developmentRegion = en;
			hasScannedForEncodings = 0;
			knownRegions = (
				en,
				Base,
			);
			mainGroup = 96A82AEB1E88E388000AE54C;
			productRefGroup = 96A82AF51E88E388000AE54C /* Products */;
			projectDirPath = "";
			projectRoot = "";
			targets = (
				96A82AF31E88E388000AE54C /* TZCoordinateDemo */,
				9693801323132A070099F6C4 /* Timezone Coordinate Demo */,
			);
		};
/* End PBXProject section */

/* Begin PBXResourcesBuildPhase section */
		9693801223132A070099F6C4 /* Resources */ = {
			isa = PBXResourcesBuildPhase;
			buildActionMask = 2147483647;
			files = (
				96E02E29231438ED0037F624 /* Main.storyboard in Resources */,
				9693802323132A080099F6C4 /* LaunchScreen.storyboard in Resources */,
				9693802023132A080099F6C4 /* Assets.xcassets in Resources */,
			);
			runOnlyForDeploymentPostprocessing = 0;
		};
		96A82AF21E88E388000AE54C /* Resources */ = {
			isa = PBXResourcesBuildPhase;
			buildActionMask = 2147483647;
			files = (
				96E02E252314386D0037F624 /* Main.storyboard in Resources */,
				96A82B071E88E389000AE54C /* LaunchScreen.storyboard in Resources */,
				96A82B041E88E389000AE54C /* Assets.xcassets in Resources */,
			);
			runOnlyForDeploymentPostprocessing = 0;
		};
/* End PBXResourcesBuildPhase section */

/* Begin PBXSourcesBuildPhase section */
		9693801023132A070099F6C4 /* Sources */ = {
			isa = PBXSourcesBuildPhase;
			buildActionMask = 2147483647;
			files = (
				9693801B23132A070099F6C4 /* ViewController.swift in Sources */,
				9693801723132A070099F6C4 /* AppDelegate.swift in Sources */,
				9693801923132A070099F6C4 /* SceneDelegate.swift in Sources */,
			);
			runOnlyForDeploymentPostprocessing = 0;
		};
		96A82AF01E88E388000AE54C /* Sources */ = {
			isa = PBXSourcesBuildPhase;
			buildActionMask = 2147483647;
			files = (
				96A82AFF1E88E388000AE54C /* ViewController.m in Sources */,
				96A82AFC1E88E388000AE54C /* AppDelegate.m in Sources */,
				96A82AF91E88E388000AE54C /* main.m in Sources */,
			);
			runOnlyForDeploymentPostprocessing = 0;
		};
/* End PBXSourcesBuildPhase section */

/* Begin PBXVariantGroup section */
		9693802123132A080099F6C4 /* LaunchScreen.storyboard */ = {
			isa = PBXVariantGroup;
			children = (
				9693802223132A080099F6C4 /* Base */,
			);
			name = LaunchScreen.storyboard;
			sourceTree = "<group>";
		};
		96A82B051E88E389000AE54C /* LaunchScreen.storyboard */ = {
			isa = PBXVariantGroup;
			children = (
				96A82B061E88E389000AE54C /* Base */,
			);
			name = LaunchScreen.storyboard;
			sourceTree = "<group>";
		};
		96E02E232314386D0037F624 /* Main.storyboard */ = {
			isa = PBXVariantGroup;
			children = (
				96E02E242314386D0037F624 /* Base */,
			);
			name = Main.storyboard;
			sourceTree = "<group>";
		};
		96E02E27231438ED0037F624 /* Main.storyboard */ = {
			isa = PBXVariantGroup;
			children = (
				96E02E28231438ED0037F624 /* Base */,
			);
			name = Main.storyboard;
			sourceTree = "<group>";
		};
/* End PBXVariantGroup section */

/* Begin XCBuildConfiguration section */
		9693802623132A080099F6C4 /* Debug */ = {
			isa = XCBuildConfiguration;
			buildSettings = {
				ASSETCATALOG_COMPILER_APPICON_NAME = AppIcon;
				CLANG_ANALYZER_NUMBER_OBJECT_CONVERSION = YES_AGGRESSIVE;
				CLANG_CXX_LANGUAGE_STANDARD = "gnu++14";
				CLANG_ENABLE_OBJC_WEAK = YES;
				CODE_SIGN_STYLE = Automatic;
				DEVELOPMENT_TEAM = MT3LAJ3HH6;
				GCC_C_LANGUAGE_STANDARD = gnu11;
				INFOPLIST_FILE = "Timezone Coordinate Demo/Info.plist";
				IPHONEOS_DEPLOYMENT_TARGET = 9.0;
				LD_RUNPATH_SEARCH_PATHS = (
					"$(inherited)",
					"@executable_path/Frameworks",
				);
				MTL_ENABLE_DEBUG_INFO = INCLUDE_SOURCE;
				MTL_FAST_MATH = YES;
				PRODUCT_BUNDLE_IDENTIFIER = com.kulturny.TimeZoneCoordinateDemo;
				PRODUCT_NAME = "TimeZone Coordinate Demo";
				SWIFT_ACTIVE_COMPILATION_CONDITIONS = DEBUG;
				SWIFT_OPTIMIZATION_LEVEL = "-Onone";
				SWIFT_VERSION = 5.0;
				TARGETED_DEVICE_FAMILY = "1,2";
			};
			name = Debug;
		};
		9693802723132A080099F6C4 /* Release */ = {
			isa = XCBuildConfiguration;
			buildSettings = {
				ASSETCATALOG_COMPILER_APPICON_NAME = AppIcon;
				CLANG_ANALYZER_NUMBER_OBJECT_CONVERSION = YES_AGGRESSIVE;
				CLANG_CXX_LANGUAGE_STANDARD = "gnu++14";
				CLANG_ENABLE_OBJC_WEAK = YES;
				CODE_SIGN_STYLE = Automatic;
				DEVELOPMENT_TEAM = MT3LAJ3HH6;
				GCC_C_LANGUAGE_STANDARD = gnu11;
				INFOPLIST_FILE = "Timezone Coordinate Demo/Info.plist";
				IPHONEOS_DEPLOYMENT_TARGET = 9.0;
				LD_RUNPATH_SEARCH_PATHS = (
					"$(inherited)",
					"@executable_path/Frameworks",
				);
				MTL_FAST_MATH = YES;
				PRODUCT_BUNDLE_IDENTIFIER = com.kulturny.TimeZoneCoordinateDemo;
				PRODUCT_NAME = "TimeZone Coordinate Demo";
				SWIFT_COMPILATION_MODE = wholemodule;
				SWIFT_OPTIMIZATION_LEVEL = "-O";
				SWIFT_VERSION = 5.0;
				TARGETED_DEVICE_FAMILY = "1,2";
			};
			name = Release;
		};
		96A82B091E88E389000AE54C /* Debug */ = {
			isa = XCBuildConfiguration;
			buildSettings = {
				ALWAYS_SEARCH_USER_PATHS = NO;
				CLANG_ANALYZER_LOCALIZABILITY_NONLOCALIZED = YES;
				CLANG_ANALYZER_NONNULL = YES;
				CLANG_CXX_LANGUAGE_STANDARD = "gnu++0x";
				CLANG_CXX_LIBRARY = "libc++";
				CLANG_ENABLE_MODULES = YES;
				CLANG_ENABLE_OBJC_ARC = YES;
				CLANG_WARN_BLOCK_CAPTURE_AUTORELEASING = YES;
				CLANG_WARN_BOOL_CONVERSION = YES;
				CLANG_WARN_COMMA = YES;
				CLANG_WARN_CONSTANT_CONVERSION = YES;
				CLANG_WARN_DEPRECATED_OBJC_IMPLEMENTATIONS = YES;
				CLANG_WARN_DIRECT_OBJC_ISA_USAGE = YES_ERROR;
				CLANG_WARN_DOCUMENTATION_COMMENTS = YES;
				CLANG_WARN_EMPTY_BODY = YES;
				CLANG_WARN_ENUM_CONVERSION = YES;
				CLANG_WARN_INFINITE_RECURSION = YES;
				CLANG_WARN_INT_CONVERSION = YES;
				CLANG_WARN_NON_LITERAL_NULL_CONVERSION = YES;
				CLANG_WARN_OBJC_IMPLICIT_RETAIN_SELF = YES;
				CLANG_WARN_OBJC_LITERAL_CONVERSION = YES;
				CLANG_WARN_OBJC_ROOT_CLASS = YES_ERROR;
				CLANG_WARN_RANGE_LOOP_ANALYSIS = YES;
				CLANG_WARN_STRICT_PROTOTYPES = YES;
				CLANG_WARN_SUSPICIOUS_MOVE = YES;
				CLANG_WARN_UNGUARDED_AVAILABILITY = YES_AGGRESSIVE;
				CLANG_WARN_UNREACHABLE_CODE = YES;
				CLANG_WARN__DUPLICATE_METHOD_MATCH = YES;
				"CODE_SIGN_IDENTITY[sdk=iphoneos*]" = "iPhone Developer";
				COPY_PHASE_STRIP = NO;
				DEBUG_INFORMATION_FORMAT = dwarf;
				ENABLE_STRICT_OBJC_MSGSEND = YES;
				ENABLE_TESTABILITY = YES;
				GCC_C_LANGUAGE_STANDARD = gnu99;
				GCC_DYNAMIC_NO_PIC = NO;
				GCC_NO_COMMON_BLOCKS = YES;
				GCC_OPTIMIZATION_LEVEL = 0;
				GCC_PREPROCESSOR_DEFINITIONS = (
					"DEBUG=1",
					"$(inherited)",
				);
				GCC_WARN_64_TO_32_BIT_CONVERSION = YES;
				GCC_WARN_ABOUT_RETURN_TYPE = YES_ERROR;
				GCC_WARN_UNDECLARED_SELECTOR = YES;
				GCC_WARN_UNINITIALIZED_AUTOS = YES_AGGRESSIVE;
				GCC_WARN_UNUSED_FUNCTION = YES;
				GCC_WARN_UNUSED_VARIABLE = YES;
				IPHONEOS_DEPLOYMENT_TARGET = 9.0;
				MTL_ENABLE_DEBUG_INFO = YES;
				ONLY_ACTIVE_ARCH = YES;
				RUN_CLANG_STATIC_ANALYZER = YES;
				SDKROOT = iphoneos;
				TARGETED_DEVICE_FAMILY = "1,2";
			};
			name = Debug;
		};
		96A82B0A1E88E389000AE54C /* Release */ = {
			isa = XCBuildConfiguration;
			buildSettings = {
				ALWAYS_SEARCH_USER_PATHS = NO;
				CLANG_ANALYZER_LOCALIZABILITY_NONLOCALIZED = YES;
				CLANG_ANALYZER_NONNULL = YES;
				CLANG_CXX_LANGUAGE_STANDARD = "gnu++0x";
				CLANG_CXX_LIBRARY = "libc++";
				CLANG_ENABLE_MODULES = YES;
				CLANG_ENABLE_OBJC_ARC = YES;
				CLANG_WARN_BLOCK_CAPTURE_AUTORELEASING = YES;
				CLANG_WARN_BOOL_CONVERSION = YES;
				CLANG_WARN_COMMA = YES;
				CLANG_WARN_CONSTANT_CONVERSION = YES;
				CLANG_WARN_DEPRECATED_OBJC_IMPLEMENTATIONS = YES;
				CLANG_WARN_DIRECT_OBJC_ISA_USAGE = YES_ERROR;
				CLANG_WARN_DOCUMENTATION_COMMENTS = YES;
				CLANG_WARN_EMPTY_BODY = YES;
				CLANG_WARN_ENUM_CONVERSION = YES;
				CLANG_WARN_INFINITE_RECURSION = YES;
				CLANG_WARN_INT_CONVERSION = YES;
				CLANG_WARN_NON_LITERAL_NULL_CONVERSION = YES;
				CLANG_WARN_OBJC_IMPLICIT_RETAIN_SELF = YES;
				CLANG_WARN_OBJC_LITERAL_CONVERSION = YES;
				CLANG_WARN_OBJC_ROOT_CLASS = YES_ERROR;
				CLANG_WARN_RANGE_LOOP_ANALYSIS = YES;
				CLANG_WARN_STRICT_PROTOTYPES = YES;
				CLANG_WARN_SUSPICIOUS_MOVE = YES;
				CLANG_WARN_UNGUARDED_AVAILABILITY = YES_AGGRESSIVE;
				CLANG_WARN_UNREACHABLE_CODE = YES;
				CLANG_WARN__DUPLICATE_METHOD_MATCH = YES;
				"CODE_SIGN_IDENTITY[sdk=iphoneos*]" = "iPhone Developer";
				COPY_PHASE_STRIP = NO;
				DEBUG_INFORMATION_FORMAT = "dwarf-with-dsym";
				ENABLE_NS_ASSERTIONS = NO;
				ENABLE_STRICT_OBJC_MSGSEND = YES;
				GCC_C_LANGUAGE_STANDARD = gnu99;
				GCC_NO_COMMON_BLOCKS = YES;
				GCC_WARN_64_TO_32_BIT_CONVERSION = YES;
				GCC_WARN_ABOUT_RETURN_TYPE = YES_ERROR;
				GCC_WARN_UNDECLARED_SELECTOR = YES;
				GCC_WARN_UNINITIALIZED_AUTOS = YES_AGGRESSIVE;
				GCC_WARN_UNUSED_FUNCTION = YES;
				GCC_WARN_UNUSED_VARIABLE = YES;
				IPHONEOS_DEPLOYMENT_TARGET = 9.0;
				MTL_ENABLE_DEBUG_INFO = NO;
				RUN_CLANG_STATIC_ANALYZER = YES;
				SDKROOT = iphoneos;
				TARGETED_DEVICE_FAMILY = "1,2";
				VALIDATE_PRODUCT = YES;
			};
			name = Release;
		};
		96A82B0C1E88E389000AE54C /* Debug */ = {
			isa = XCBuildConfiguration;
			buildSettings = {
				ASSETCATALOG_COMPILER_APPICON_NAME = AppIcon;
				INFOPLIST_FILE = "$(SRCROOT)/Objective-C Demo/Info.plist";
				LD_RUNPATH_SEARCH_PATHS = (
					"$(inherited)",
					"@executable_path/Frameworks",
				);
				PRODUCT_BUNDLE_IDENTIFIER = com.kulturny.TZCoordinateDemo;
				PRODUCT_NAME = "$(TARGET_NAME)";
			};
			name = Debug;
		};
		96A82B0D1E88E389000AE54C /* Release */ = {
			isa = XCBuildConfiguration;
			buildSettings = {
				ASSETCATALOG_COMPILER_APPICON_NAME = AppIcon;
				INFOPLIST_FILE = "$(SRCROOT)/Objective-C Demo/Info.plist";
				LD_RUNPATH_SEARCH_PATHS = (
					"$(inherited)",
					"@executable_path/Frameworks",
				);
				PRODUCT_BUNDLE_IDENTIFIER = com.kulturny.TZCoordinateDemo;
				PRODUCT_NAME = "$(TARGET_NAME)";
			};
			name = Release;
		};
/* End XCBuildConfiguration section */

/* Begin XCConfigurationList section */
		9693802523132A080099F6C4 /* Build configuration list for PBXNativeTarget "Timezone Coordinate Demo" */ = {
			isa = XCConfigurationList;
			buildConfigurations = (
				9693802623132A080099F6C4 /* Debug */,
				9693802723132A080099F6C4 /* Release */,
			);
			defaultConfigurationIsVisible = 0;
			defaultConfigurationName = Release;
		};
		96A82AEF1E88E388000AE54C /* Build configuration list for PBXProject "TZCoordinateDemo" */ = {
			isa = XCConfigurationList;
			buildConfigurations = (
				96A82B091E88E389000AE54C /* Debug */,
				96A82B0A1E88E389000AE54C /* Release */,
			);
			defaultConfigurationIsVisible = 0;
			defaultConfigurationName = Release;
		};
		96A82B0B1E88E389000AE54C /* Build configuration list for PBXNativeTarget "TZCoordinateDemo" */ = {
			isa = XCConfigurationList;
			buildConfigurations = (
				96A82B0C1E88E389000AE54C /* Debug */,
				96A82B0D1E88E389000AE54C /* Release */,
			);
			defaultConfigurationIsVisible = 0;
			defaultConfigurationName = Release;
		};
/* End XCConfigurationList section */

/* Begin XCSwiftPackageProductDependency section */
		96E02E1F23133F8A0037F624 /* TimeZoneCoordinate */ = {
			isa = XCSwiftPackageProductDependency;
			productName = TimeZoneCoordinate;
		};
		96E02E21231433CC0037F624 /* TimeZoneCoordinate */ = {
			isa = XCSwiftPackageProductDependency;
			productName = TimeZoneCoordinate;
		};
/* End XCSwiftPackageProductDependency section */
	};
	rootObject = 96A82AEC1E88E388000AE54C /* Project object */;
}
